
Microsoft Visual Studio Solution File, Format Version 12.00
# Visual Studio Version 17
VisualStudioVersion = 17.7.34009.444
MinimumVisualStudioVersion = 10.0.40219.1
Project("{FAE04EC0-301F-11D3-BF4B-00C04F79EFBC}") = "Rubik's Cube", "Rubik's Cube.csproj", "{420EEF62-CC7C-4C5C-8578-04B424BB3C52}"
EndProject
Global
	GlobalSection(SolutionConfigurationPlatforms) = preSolution
		Debug|Any CPU = Debug|Any CPU
		Release|Any CPU = Release|Any CPU
	EndGlobalSection
	GlobalSection(ProjectConfigurationPlatforms) = postSolution
		{420EEF62-CC7C-4C5C-8578-04B424BB3C52}.Debug|Any CPU.ActiveCfg = Debug|Any CPU
		{420EEF62-CC7C-4C5C-8578-04B424BB3C52}.Debug|Any CPU.Build.0 = Debug|Any CPU
		{420EEF62-CC7C-4C5C-8578-04B424BB3C52}.Release|Any CPU.ActiveCfg = Release|Any CPU
		{420EEF62-CC7C-4C5C-8578-04B424BB3C52}.Release|Any CPU.Build.0 = Release|Any CPU
	EndGlobalSection
	GlobalSection(SolutionProperties) = preSolution
		HideSolutionNode = FALSE
	EndGlobalSection
	GlobalSection(ExtensibilityGlobals) = postSolution
		SolutionGuid = {EDB20BEA-E426-4E4C-93BA-7B0ED959291E}
	EndGlobalSection
EndGlobal
